
Microsoft Visual Studio Solution File, Format Version 12.00
# Visual Studio Version 17
VisualStudioVersion = 17.6.33712.159
MinimumVisualStudioVersion = 10.0.40219.1
Project("{FAE04EC0-301F-11D3-BF4B-00C04F79EFBC}") = "WPFApp", "WPFApp\WPFApp.csproj", "{7F24A6A4-7DD8-4328-8B26-A742553B4F95}"
EndProject
Global
	GlobalSection(SolutionConfigurationPlatforms) = preSolution
		Debug|Any CPU = Debug|Any CPU
		Release|Any CPU = Release|Any CPU
	EndGlobalSection
	GlobalSection(ProjectConfigurationPlatforms) = postSolution
		{7F24A6A4-7DD8-4328-8B26-A742553B4F95}.Debug|Any CPU.ActiveCfg = Debug|Any CPU
		{7F24A6A4-7DD8-4328-8B26-A742553B4F95}.Debug|Any CPU.Build.0 = Debug|Any CPU
		{7F24A6A4-7DD8-4328-8B26-A742553B4F95}.Release|Any CPU.ActiveCfg = Release|Any CPU
		{7F24A6A4-7DD8-4328-8B26-A742553B4F95}.Release|Any CPU.Build.0 = Release|Any CPU
	EndGlobalSection
	GlobalSection(SolutionProperties) = preSolution
		HideSolutionNode = FALSE
	EndGlobalSection
	GlobalSection(ExtensibilityGlobals) = postSolution
		SolutionGuid = {27D77017-CD76-4DA5-880B-C35C3D03E56D}
	EndGlobalSection
EndGlobal
